
Microsoft Visual Studio Solution File, Format Version 12.00
Project("{FAE04EC0-301F-11D3-BF4B-00C04F79EFBC}") = "Tester", "Tester\Tester.csproj", "{36D52894-CB9A-4D96-903E-0284A8EC905F}"
EndProject
Project("{FAE04EC0-301F-11D3-BF4B-00C04F79EFBC}") = "Engine", "Engine\Engine.csproj", "{CD26B945-FF19-446B-A0C6-9B7EB1345681}"
EndProject
Project("{2150E333-8FDC-42A3-9474-1A3956D46DE8}") = "tests", "tests", "{CA18339A-886E-408E-9289-96CB2A30E0BC}"
EndProject
Project("{FAE04EC0-301F-11D3-BF4B-00C04F79EFBC}") = "EngineTests", "EngineTests\EngineTests.csproj", "{FD954A57-D904-4E63-B1F9-B0F1FDEEA735}"
EndProject
Global
	GlobalSection(SolutionConfigurationPlatforms) = preSolution
		Debug|Any CPU = Debug|Any CPU
		Release|Any CPU = Release|Any CPU
	EndGlobalSection
	GlobalSection(ProjectConfigurationPlatforms) = postSolution
		{36D52894-CB9A-4D96-903E-0284A8EC905F}.Debug|Any CPU.ActiveCfg = Debug|Any CPU
		{36D52894-CB9A-4D96-903E-0284A8EC905F}.Debug|Any CPU.Build.0 = Debug|Any CPU
		{36D52894-CB9A-4D96-903E-0284A8EC905F}.Release|Any CPU.ActiveCfg = Release|Any CPU
		{36D52894-CB9A-4D96-903E-0284A8EC905F}.Release|Any CPU.Build.0 = Release|Any CPU
		{CD26B945-FF19-446B-A0C6-9B7EB1345681}.Debug|Any CPU.ActiveCfg = Debug|Any CPU
		{CD26B945-FF19-446B-A0C6-9B7EB1345681}.Debug|Any CPU.Build.0 = Debug|Any CPU
		{CD26B945-FF19-446B-A0C6-9B7EB1345681}.Release|Any CPU.ActiveCfg = Release|Any CPU
		{CD26B945-FF19-446B-A0C6-9B7EB1345681}.Release|Any CPU.Build.0 = Release|Any CPU
		{FD954A57-D904-4E63-B1F9-B0F1FDEEA735}.Debug|Any CPU.ActiveCfg = Debug|Any CPU
		{FD954A57-D904-4E63-B1F9-B0F1FDEEA735}.Debug|Any CPU.Build.0 = Debug|Any CPU
		{FD954A57-D904-4E63-B1F9-B0F1FDEEA735}.Release|Any CPU.ActiveCfg = Release|Any CPU
		{FD954A57-D904-4E63-B1F9-B0F1FDEEA735}.Release|Any CPU.Build.0 = Release|Any CPU
	EndGlobalSection
	GlobalSection(NestedProjects) = preSolution
		{FD954A57-D904-4E63-B1F9-B0F1FDEEA735} = {CA18339A-886E-408E-9289-96CB2A30E0BC}
	EndGlobalSection
EndGlobal
